
Microsoft Visual Studio Solution File, Format Version 12.00
# Visual Studio 15
VisualStudioVersion = 15.0.27428.2027
MinimumVisualStudioVersion = 10.0.40219.1
Project("{9A19103F-16F7-4668-BE54-9A1E7A4F7556}") = "RoseBloom.Common.TCL", "RoseBloom.Common.TCL\RoseBloom.Common.TCL.csproj", "{DA15FBD7-0329-4B6C-B967-15F49AAC76D2}"
EndProject
Project("{FAE04EC0-301F-11D3-BF4B-00C04F79EFBC}") = "RoseBloom.Common.TCL.Tests", "RoseBloom.Common.TCL.Tests\RoseBloom.Common.TCL.Tests.csproj", "{799485E3-9071-4DD0-BBB5-3200444FDE65}"
EndProject
Global
	GlobalSection(SolutionConfigurationPlatforms) = preSolution
		Debug|Any CPU = Debug|Any CPU
		Release|Any CPU = Release|Any CPU
	EndGlobalSection
	GlobalSection(ProjectConfigurationPlatforms) = postSolution
		{DA15FBD7-0329-4B6C-B967-15F49AAC76D2}.Debug|Any CPU.ActiveCfg = Debug|Any CPU
		{DA15FBD7-0329-4B6C-B967-15F49AAC76D2}.Debug|Any CPU.Build.0 = Debug|Any CPU
		{DA15FBD7-0329-4B6C-B967-15F49AAC76D2}.Release|Any CPU.ActiveCfg = Release|Any CPU
		{DA15FBD7-0329-4B6C-B967-15F49AAC76D2}.Release|Any CPU.Build.0 = Release|Any CPU
		{799485E3-9071-4DD0-BBB5-3200444FDE65}.Debug|Any CPU.ActiveCfg = Debug|Any CPU
		{799485E3-9071-4DD0-BBB5-3200444FDE65}.Debug|Any CPU.Build.0 = Debug|Any CPU
		{799485E3-9071-4DD0-BBB5-3200444FDE65}.Release|Any CPU.ActiveCfg = Release|Any CPU
		{799485E3-9071-4DD0-BBB5-3200444FDE65}.Release|Any CPU.Build.0 = Release|Any CPU
	EndGlobalSection
	GlobalSection(SolutionProperties) = preSolution
		HideSolutionNode = FALSE
	EndGlobalSection
	GlobalSection(ExtensibilityGlobals) = postSolution
		SolutionGuid = {F066C2F1-ECAA-4CD1-8E56-FE805A1A4CAE}
	EndGlobalSection
EndGlobal
